<?xml version="1.0" encoding="utf-8"?>
<Project ToolsVersion="4.0" xmlns="http://schemas.microsoft.com/developer/msbuild/2003">
  <ItemGroup>
    <Filter Include="Source Files">
      <UniqueIdentifier>{4FC737F1-C7A5-4376-A066-2A32D752A2FF}</UniqueIdentifier>
      <Extensions>cpp;c;cc;cxx;def;odl;idl;hpj;bat;asm;asmx</Extensions>
    </Filter>
    <Filter Include="Header Files">
      <UniqueIdentifier>{93995380-89BD-4b04-88EB-625FBE52EBFB}</UniqueIdentifier>
      <Extensions>h;hpp;hxx;hm;inl;inc;xsd</Extensions>
    </Filter>
    <Filter Include="Resource Files">
      <UniqueIdentifier>{67DA6AB6-F800-4c08-8B7A-83BB121AAD01}</UniqueIdentifier>
      <Extensions>rc;ico;cur;bmp;dlg;rc2;rct;bin;rgs;gif;jpg;jpeg;jpe;resx;tiff;tif;png;wav;mfcribbon-ms</Extensions>
    </Filter>
    <Filter Include="Source Files\Parameters">
      <UniqueIdentifier>{72f2d0c4-a3d5-4d63-b2dd-be601cd6fba4}</UniqueIdentifier>
    </Filter>
    <Filter Include="Source Files\Scene">
      <UniqueIdentifier>{d22e6d34-8693-4d4f-9eda-0c883588034c}</UniqueIdentifier>
    </Filter>
    <Filter Include="Header Files\Parameters">
      <UniqueIdentifier>{ce79ffd0-e64f-468f-bf62-2d9a09395ec1}</UniqueIdentifier>
    </Filter>
    <Filter Include="Header Files\Scene">
      <UniqueIdentifier>{d4294703-19d8-4826-88a8-5ca43061f542}</UniqueIdentifier>
    </Filter>
    <Filter Include="Header Files\Commons">
      <UniqueIdentifier>{3b2ccef9-ad5d-4313-a281-747166d9d4b7}</UniqueIdentifier>
    </Filter>
    <Filter Include="Header Files\Camera">
      <UniqueIdentifier>{13b6e7d8-2a47-43a3-84fa-3e6a84dd362d}</UniqueIdentifier>
    </Filter>
    <Filter Include="Source Files\Camera">
      <UniqueIdentifier>{1bf36c5a-7cd9-4d6f-91c5-9a398ade3f8a}</UniqueIdentifier>
    </Filter>
    <Filter Include="Header Files\Shapes">
      <UniqueIdentifier>{fe54a0b2-a5da-44f6-9b04-43c9fcb344bd}</UniqueIdentifier>
    </Filter>
    <Filter Include="Source Files\Shapes">
      <UniqueIdentifier>{6a60f70b-b168-4ffc-991f-a602ca0a7a17}</UniqueIdentifier>
    </Filter>
    <Filter Include="Source Files\Radiosity">
      <UniqueIdentifier>{746c9f13-bc50-477d-ba12-337806d09091}</UniqueIdentifier>
    </Filter>
    <Filter Include="Header Files\Tracer">
      <UniqueIdentifier>{f9ce1c27-03dc-4bad-b51f-3fe9df1397a0}</UniqueIdentifier>
    </Filter>
    <Filter Include="Source Files\Tracer">
      <UniqueIdentifier>{7c806c15-7662-4134-8d17-e8711bd31bc3}</UniqueIdentifier>
    </Filter>
    <Filter Include="Header Files\Radiosity">
      <UniqueIdentifier>{cfc1bd6b-9a60-46fb-853a-58c9f5f43233}</UniqueIdentifier>
    </Filter>
    <Filter Include="Source Files\Commons">
      <UniqueIdentifier>{1ebad4e2-aab7-4cec-ae35-e892d329d737}</UniqueIdentifier>
    </Filter>
  </ItemGroup>
  <ItemGroup>
    <ClCompile Include="..\src\main.cpp">
      <Filter>Source Files</Filter>
    </ClCompile>
    <ClCompile Include="..\src\inputparameters.cpp">
      <Filter>Source Files\Parameters</Filter>
    </ClCompile>
    <ClCompile Include="..\src\scene.cpp">
      <Filter>Source Files\Scene</Filter>
    </ClCompile>
    <ClCompile Include="..\src\sceneloader.cpp">
      <Filter>Source Files\Scene</Filter>
    </ClCompile>
    <ClCompile Include="..\src\camera.cpp">
      <Filter>Source Files\Camera</Filter>
    </ClCompile>
    <ClCompile Include="..\src\radiosityengine.cpp">
      <Filter>Source Files\Radiosity</Filter>
    </ClCompile>
    <ClCompile Include="..\src\quad.cpp">
      <Filter>Source Files\Shapes</Filter>
    </ClCompile>
    <ClCompile Include="..\src\patch.cpp">
      <Filter>Source Files\Radiosity</Filter>
    </ClCompile>
    <ClCompile Include="..\src\raytracer.cpp">
      <Filter>Source Files\Tracer</Filter>
    </ClCompile>
    <ClCompile Include="..\src\ray.cpp">
      <Filter>Source Files\Tracer</Filter>
    </ClCompile>
    <ClCompile Include="..\src\trianglepatch.cpp">
      <Filter>Source Files\Radiosity</Filter>
    </ClCompile>
    <ClCompile Include="..\src\shape.cpp">
      <Filter>Source Files\Shapes</Filter>
    </ClCompile>
    <ClCompile Include="..\src\numbergenerator.cpp">
      <Filter>Source Files\Commons</Filter>
    </ClCompile>
  </ItemGroup>
  <ItemGroup>
    <ClInclude Include="..\src\inputparameters.h">
      <Filter>Header Files\Parameters</Filter>
    </ClInclude>
    <ClInclude Include="..\src\scene.h">
      <Filter>Header Files\Scene</Filter>
    </ClInclude>
    <ClInclude Include="..\src\sceneloader.h">
      <Filter>Header Files\Scene</Filter>
    </ClInclude>
    <ClInclude Include="..\src\types.h">
      <Filter>Header Files\Commons</Filter>
    </ClInclude>
    <ClInclude Include="..\src\camera.h">
      <Filter>Header Files\Camera</Filter>
    </ClInclude>
    <ClInclude Include="..\src\shape.h">
      <Filter>Header Files\Shapes</Filter>
    </ClInclude>
    <ClInclude Include="..\src\radiosityengine.h">
      <Filter>Header Files\Radiosity</Filter>
    </ClInclude>
    <ClInclude Include="..\src\material.h">
      <Filter>Header Files\Radiosity</Filter>
    </ClInclude>
    <ClInclude Include="..\src\patch.h">
      <Filter>Header Files\Radiosity</Filter>
    </ClInclude>
    <ClInclude Include="..\src\quad.h">
      <Filter>Header Files\Shapes</Filter>
    </ClInclude>
    <ClInclude Include="..\src\ray.h">
      <Filter>Header Files\Tracer</Filter>
    </ClInclude>
    <ClInclude Include="..\src\rayintersection.h">
      <Filter>Header Files\Tracer</Filter>
    </ClInclude>
    <ClInclude Include="..\src\raytracer.h">
      <Filter>Header Files\Tracer</Filter>
    </ClInclude>
    <ClInclude Include="..\src\trianglepatch.h">
      <Filter>Header Files\Radiosity</Filter>
    </ClInclude>
    <ClInclude Include="..\src\numbergenerator.h">
      <Filter>Header Files\Commons</Filter>
    </ClInclude>
    <ClInclude Include="..\src\hemisphere.h">
      <Filter>Header Files\Radiosity</Filter>
    </ClInclude>
  </ItemGroup>
</Project>